// !$*UTF8*$!
{
	archiveVersion = 1;
	classes = {
	};
	objectVersion = 50;
	objects = {

/* Begin PBXBuildFile section */
		6963338B2155A03700C7EFF2 /* AppDelegate.swift in Sources */ = {isa = PBXBuildFile; fileRef = 6963338A2155A03700C7EFF2 /* AppDelegate.swift */; };
		6963338D2155A03700C7EFF2 /* ViewController.swift in Sources */ = {isa = PBXBuildFile; fileRef = 6963338C2155A03700C7EFF2 /* ViewController.swift */; };
		696333902155A03700C7EFF2 /* Main.storyboard in Resources */ = {isa = PBXBuildFile; fileRef = 6963338E2155A03700C7EFF2 /* Main.storyboard */; };
		696333922155A03800C7EFF2 /* Assets.xcassets in Resources */ = {isa = PBXBuildFile; fileRef = 696333912155A03800C7EFF2 /* Assets.xcassets */; };
		696333952155A03800C7EFF2 /* LaunchScreen.storyboard in Resources */ = {isa = PBXBuildFile; fileRef = 696333932155A03800C7EFF2 /* LaunchScreen.storyboard */; };
		696333A32155A69200C7EFF2 /* Person.swift in Sources */ = {isa = PBXBuildFile; fileRef = 696333A22155A69200C7EFF2 /* Person.swift */; };
		696333A52155AA4900C7EFF2 /* PersonDeck.swift in Sources */ = {isa = PBXBuildFile; fileRef = 696333A42155AA4900C7EFF2 /* PersonDeck.swift */; };
/* End PBXBuildFile section */

/* Begin PBXFileReference section */
		696333872155A03700C7EFF2 /* Project 1 Sou Mizobuchi.app */ = {isa = PBXFileReference; explicitFileType = wrapper.application; includeInIndex = 0; path = "Project 1 Sou Mizobuchi.app"; sourceTree = BUILT_PRODUCTS_DIR; };
		6963338A2155A03700C7EFF2 /* AppDelegate.swift */ = {isa = PBXFileReference; lastKnownFileType = sourcecode.swift; path = AppDelegate.swift; sourceTree = "<group>"; };
		6963338C2155A03700C7EFF2 /* ViewController.swift */ = {isa = PBXFileReference; lastKnownFileType = sourcecode.swift; path = ViewController.swift; sourceTree = "<group>"; };
		6963338F2155A03700C7EFF2 /* Base */ = {isa = PBXFileReference; lastKnownFileType = file.storyboard; name = Base; path = Base.lproj/Main.storyboard; sourceTree = "<group>"; };
		696333912155A03800C7EFF2 /* Assets.xcassets */ = {isa = PBXFileReference; lastKnownFileType = folder.assetcatalog; path = Assets.xcassets; sourceTree = "<group>"; };
		696333942155A03800C7EFF2 /* Base */ = {isa = PBXFileReference; lastKnownFileType = file.storyboard; name = Base; path = Base.lproj/LaunchScreen.storyboard; sourceTree = "<group>"; };
		696333962155A03800C7EFF2 /* Info.plist */ = {isa = PBXFileReference; lastKnownFileType = text.plist.xml; path = Info.plist; sourceTree = "<group>"; };
		696333A22155A69200C7EFF2 /* Person.swift */ = {isa = PBXFileReference; lastKnownFileType = sourcecode.swift; path = Person.swift; sourceTree = "<group>"; };
		696333A42155AA4900C7EFF2 /* PersonDeck.swift */ = {isa = PBXFileReference; lastKnownFileType = sourcecode.swift; path = PersonDeck.swift; sourceTree = "<group>"; };
/* End PBXFileReference section */

/* Begin PBXFrameworksBuildPhase section */
		696333842155A03700C7EFF2 /* Frameworks */ = {
			isa = PBXFrameworksBuildPhase;
			buildActionMask = 2147483647;
			files = (
			);
			runOnlyForDeploymentPostprocessing = 0;
		};
/* End PBXFrameworksBuildPhase section */

/* Begin PBXGroup section */
		6963337E2155A03700C7EFF2 = {
			isa = PBXGroup;
			children = (
				696333892155A03700C7EFF2 /* Project 1 Sou Mizobuchi */,
				696333882155A03700C7EFF2 /* Products */,
			);
			sourceTree = "<group>";
		};
		696333882155A03700C7EFF2 /* Products */ = {
			isa = PBXGroup;
			children = (
				696333872155A03700C7EFF2 /* Project 1 Sou Mizobuchi.app */,
			);
			name = Products;
			sourceTree = "<group>";
		};
		696333892155A03700C7EFF2 /* Project 1 Sou Mizobuchi */ = {
			isa = PBXGroup;
			children = (
				696333A12155A0D500C7EFF2 /* Controller */,
				696333A02155A0CF00C7EFF2 /* View */,
				6963339F2155A0BD00C7EFF2 /* Model */,
				6963338A2155A03700C7EFF2 /* AppDelegate.swift */,
				696333912155A03800C7EFF2 /* Assets.xcassets */,
				696333932155A03800C7EFF2 /* LaunchScreen.storyboard */,
				696333962155A03800C7EFF2 /* Info.plist */,
			);
			path = "Project 1 Sou Mizobuchi";
			sourceTree = "<group>";
		};
		6963339F2155A0BD00C7EFF2 /* Model */ = {
			isa = PBXGroup;
			children = (
				696333A22155A69200C7EFF2 /* Person.swift */,
				696333A42155AA4900C7EFF2 /* PersonDeck.swift */,
			);
			path = Model;
			sourceTree = "<group>";
		};
		696333A02155A0CF00C7EFF2 /* View */ = {
			isa = PBXGroup;
			children = (
				6963338E2155A03700C7EFF2 /* Main.storyboard */,
			);
			path = View;
			sourceTree = "<group>";
		};
		696333A12155A0D500C7EFF2 /* Controller */ = {
			isa = PBXGroup;
			children = (
				6963338C2155A03700C7EFF2 /* ViewController.swift */,
			);
			path = Controller;
			sourceTree = "<group>";
		};
/* End PBXGroup section */

/* Begin PBXNativeTarget section */
		696333862155A03700C7EFF2 /* Project 1 Sou Mizobuchi */ = {
			isa = PBXNativeTarget;
			buildConfigurationList = 696333992155A03800C7EFF2 /* Build configuration list for PBXNativeTarget "Project 1 Sou Mizobuchi" */;
			buildPhases = (
				696333832155A03700C7EFF2 /* Sources */,
				696333842155A03700C7EFF2 /* Frameworks */,
				696333852155A03700C7EFF2 /* Resources */,
			);
			buildRules = (
			);
			dependencies = (
			);
			name = "Project 1 Sou Mizobuchi";
			productName = "Project 1 Sou Mizobuchi";
			productReference = 696333872155A03700C7EFF2 /* Project 1 Sou Mizobuchi.app */;
			productType = "com.apple.product-type.application";
		};
/* End PBXNativeTarget section */

/* Begin PBXProject section */
		6963337F2155A03700C7EFF2 /* Project object */ = {
			isa = PBXProject;
			attributes = {
				LastSwiftUpdateCheck = 1000;
				LastUpgradeCheck = 1000;
				ORGANIZATIONNAME = IS543;
				TargetAttributes = {
					696333862155A03700C7EFF2 = {
						CreatedOnToolsVersion = 10.0;
					};
				};
			};
			buildConfigurationList = 696333822155A03700C7EFF2 /* Build configuration list for PBXProject "Project 1 Sou Mizobuchi" */;
			compatibilityVersion = "Xcode 9.3";
			developmentRegion = en;
			hasScannedForEncodings = 0;
			knownRegions = (
				en,
				Base,
			);
			mainGroup = 6963337E2155A03700C7EFF2;
			productRefGroup = 696333882155A03700C7EFF2 /* Products */;
			projectDirPath = "";
			projectRoot = "";
			targets = (
				696333862155A03700C7EFF2 /* Project 1 Sou Mizobuchi */,
			);
		};
/* End PBXProject section */

/* Begin PBXResourcesBuildPhase section */
		696333852155A03700C7EFF2 /* Resources */ = {
			isa = PBXResourcesBuildPhase;
			buildActionMask = 2147483647;
			files = (
				696333952155A03800C7EFF2 /* LaunchScreen.storyboard in Resources */,
				696333922155A03800C7EFF2 /* Assets.xcassets in Resources */,
				696333902155A03700C7EFF2 /* Main.storyboard in Resources */,
			);
			runOnlyForDeploymentPostprocessing = 0;
		};
/* End PBXResourcesBuildPhase section */

/* Begin PBXSourcesBuildPhase section */
		696333832155A03700C7EFF2 /* Sources */ = {
			isa = PBXSourcesBuildPhase;
			buildActionMask = 2147483647;
			files = (
				696333A32155A69200C7EFF2 /* Person.swift in Sources */,
				696333A52155AA4900C7EFF2 /* PersonDeck.swift in Sources */,
				6963338D2155A03700C7EFF2 /* ViewController.swift in Sources */,
				6963338B2155A03700C7EFF2 /* AppDelegate.swift in Sources */,
			);
			runOnlyForDeploymentPostprocessing = 0;
		};
/* End PBXSourcesBuildPhase section */

/* Begin PBXVariantGroup section */
		6963338E2155A03700C7EFF2 /* Main.storyboard */ = {
			isa = PBXVariantGroup;
			children = (
				6963338F2155A03700C7EFF2 /* Base */,
			);
			name = Main.storyboard;
			sourceTree = "<group>";
		};
		696333932155A03800C7EFF2 /* LaunchScreen.storyboard */ = {
			isa = PBXVariantGroup;
			children = (
				696333942155A03800C7EFF2 /* Base */,
			);
			name = LaunchScreen.storyboard;
			sourceTree = "<group>";
		};
/* End PBXVariantGroup section */

/* Begin XCBuildConfiguration section */
		696333972155A03800C7EFF2 /* Debug */ = {
			isa = XCBuildConfiguration;
			buildSettings = {
				ALWAYS_SEARCH_USER_PATHS = NO;
				CLANG_ANALYZER_NONNULL = YES;
				CLANG_ANALYZER_NUMBER_OBJECT_CONVERSION = YES_AGGRESSIVE;
				CLANG_CXX_LANGUAGE_STANDARD = "gnu++14";
				CLANG_CXX_LIBRARY = "libc++";
				CLANG_ENABLE_MODULES = YES;
				CLANG_ENABLE_OBJC_ARC = YES;
				CLANG_ENABLE_OBJC_WEAK = YES;
				CLANG_WARN_BLOCK_CAPTURE_AUTORELEASING = YES;
				CLANG_WARN_BOOL_CONVERSION = YES;
				CLANG_WARN_COMMA = YES;
				CLANG_WARN_CONSTANT_CONVERSION = YES;
				CLANG_WARN_DEPRECATED_OBJC_IMPLEMENTATIONS = YES;
				CLANG_WARN_DIRECT_OBJC_ISA_USAGE = YES_ERROR;
				CLANG_WARN_DOCUMENTATION_COMMENTS = YES;
				CLANG_WARN_EMPTY_BODY = YES;
				CLANG_WARN_ENUM_CONVERSION = YES;
				CLANG_WARN_INFINITE_RECURSION = YES;
				CLANG_WARN_INT_CONVERSION = YES;
				CLANG_WARN_NON_LITERAL_NULL_CONVERSION = YES;
				CLANG_WARN_OBJC_IMPLICIT_RETAIN_SELF = YES;
				CLANG_WARN_OBJC_LITERAL_CONVERSION = YES;
				CLANG_WARN_OBJC_ROOT_CLASS = YES_ERROR;
				CLANG_WARN_RANGE_LOOP_ANALYSIS = YES;
				CLANG_WARN_STRICT_PROTOTYPES = YES;
				CLANG_WARN_SUSPICIOUS_MOVE = YES;
				CLANG_WARN_UNGUARDED_AVAILABILITY = YES_AGGRESSIVE;
				CLANG_WARN_UNREACHABLE_CODE = YES;
				CLANG_WARN__DUPLICATE_METHOD_MATCH = YES;
				CODE_SIGN_IDENTITY = "iPhone Developer";
				COPY_PHASE_STRIP = NO;
				DEBUG_INFORMATION_FORMAT = dwarf;
				ENABLE_STRICT_OBJC_MSGSEND = YES;
				ENABLE_TESTABILITY = YES;
				GCC_C_LANGUAGE_STANDARD = gnu11;
				GCC_DYNAMIC_NO_PIC = NO;
				GCC_NO_COMMON_BLOCKS = YES;
				GCC_OPTIMIZATION_LEVEL = 0;
				GCC_PREPROCESSOR_DEFINITIONS = (
					"DEBUG=1",
					"$(inherited)",
				);
				GCC_WARN_64_TO_32_BIT_CONVERSION = YES;
				GCC_WARN_ABOUT_RETURN_TYPE = YES_ERROR;
				GCC_WARN_UNDECLARED_SELECTOR = YES;
				GCC_WARN_UNINITIALIZED_AUTOS = YES_AGGRESSIVE;
				GCC_WARN_UNUSED_FUNCTION = YES;
				GCC_WARN_UNUSED_VARIABLE = YES;
				IPHONEOS_DEPLOYMENT_TARGET = 12.0;
				MTL_ENABLE_DEBUG_INFO = INCLUDE_SOURCE;
				MTL_FAST_MATH = YES;
				ONLY_ACTIVE_ARCH = YES;
				SDKROOT = iphoneos;
				SWIFT_ACTIVE_COMPILATION_CONDITIONS = DEBUG;
				SWIFT_OPTIMIZATION_LEVEL = "-Onone";
			};
			name = Debug;
		};
		696333982155A03800C7EFF2 /* Release */ = {
			isa = XCBuildConfiguration;
			buildSettings = {
				ALWAYS_SEARCH_USER_PATHS = NO;
				CLANG_ANALYZER_NONNULL = YES;
				CLANG_ANALYZER_NUMBER_OBJECT_CONVERSION = YES_AGGRESSIVE;
				CLANG_CXX_LANGUAGE_STANDARD = "gnu++14";
				CLANG_CXX_LIBRARY = "libc++";
				CLANG_ENABLE_MODULES = YES;
				CLANG_ENABLE_OBJC_ARC = YES;
				CLANG_ENABLE_OBJC_WEAK = YES;
				CLANG_WARN_BLOCK_CAPTURE_AUTORELEASING = YES;
				CLANG_WARN_BOOL_CONVERSION = YES;
				CLANG_WARN_COMMA = YES;
				CLANG_WARN_CONSTANT_CONVERSION = YES;
				CLANG_WARN_DEPRECATED_OBJC_IMPLEMENTATIONS = YES;
				CLANG_WARN_DIRECT_OBJC_ISA_USAGE = YES_ERROR;
				CLANG_WARN_DOCUMENTATION_COMMENTS = YES;
				CLANG_WARN_EMPTY_BODY = YES;
				CLANG_WARN_ENUM_CONVERSION = YES;
				CLANG_WARN_INFINITE_RECURSION = YES;
				CLANG_WARN_INT_CONVERSION = YES;
				CLANG_WARN_NON_LITERAL_NULL_CONVERSION = YES;
				CLANG_WARN_OBJC_IMPLICIT_RETAIN_SELF = YES;
				CLANG_WARN_OBJC_LITERAL_CONVERSION = YES;
				CLANG_WARN_OBJC_ROOT_CLASS = YES_ERROR;
				CLANG_WARN_RANGE_LOOP_ANALYSIS = YES;
				CLANG_WARN_STRICT_PROTOTYPES = YES;
				CLANG_WARN_SUSPICIOUS_MOVE = YES;
				CLANG_WARN_UNGUARDED_AVAILABILITY = YES_AGGRESSIVE;
				CLANG_WARN_UNREACHABLE_CODE = YES;
				CLANG_WARN__DUPLICATE_METHOD_MATCH = YES;
				CODE_SIGN_IDENTITY = "iPhone Developer";
				COPY_PHASE_STRIP = NO;
				DEBUG_INFORMATION_FORMAT = "dwarf-with-dsym";
				ENABLE_NS_ASSERTIONS = NO;
				ENABLE_STRICT_OBJC_MSGSEND = YES;
				GCC_C_LANGUAGE_STANDARD = gnu11;
				GCC_NO_COMMON_BLOCKS = YES;
				GCC_WARN_64_TO_32_BIT_CONVERSION = YES;
				GCC_WARN_ABOUT_RETURN_TYPE = YES_ERROR;
				GCC_WARN_UNDECLARED_SELECTOR = YES;
				GCC_WARN_UNINITIALIZED_AUTOS = YES_AGGRESSIVE;
				GCC_WARN_UNUSED_FUNCTION = YES;
				GCC_WARN_UNUSED_VARIABLE = YES;
				IPHONEOS_DEPLOYMENT_TARGET = 12.0;
				MTL_ENABLE_DEBUG_INFO = NO;
				MTL_FAST_MATH = YES;
				SDKROOT = iphoneos;
				SWIFT_COMPILATION_MODE = wholemodule;
				SWIFT_OPTIMIZATION_LEVEL = "-O";
				VALIDATE_PRODUCT = YES;
			};
			name = Release;
		};
		6963339A2155A03800C7EFF2 /* Debug */ = {
			isa = XCBuildConfiguration;
			buildSettings = {
				ASSETCATALOG_COMPILER_APPICON_NAME = AppIcon;
				CODE_SIGN_STYLE = Automatic;
				DEVELOPMENT_TEAM = "";
				INFOPLIST_FILE = "Project 1 Sou Mizobuchi/Info.plist";
				LD_RUNPATH_SEARCH_PATHS = (
					"$(inherited)",
					"@executable_path/Frameworks",
				);
				PRODUCT_BUNDLE_IDENTIFIER = "IS543.Project-1-Sou-Mizobuchi";
				PRODUCT_NAME = "$(TARGET_NAME)";
				SWIFT_VERSION = 4.2;
				TARGETED_DEVICE_FAMILY = "1,2";
			};
			name = Debug;
		};
		6963339B2155A03800C7EFF2 /* Release */ = {
			isa = XCBuildConfiguration;
			buildSettings = {
				ASSETCATALOG_COMPILER_APPICON_NAME = AppIcon;
				CODE_SIGN_STYLE = Automatic;
				DEVELOPMENT_TEAM = "";
				INFOPLIST_FILE = "Project 1 Sou Mizobuchi/Info.plist";
				LD_RUNPATH_SEARCH_PATHS = (
					"$(inherited)",
					"@executable_path/Frameworks",
				);
				PRODUCT_BUNDLE_IDENTIFIER = "IS543.Project-1-Sou-Mizobuchi";
				PRODUCT_NAME = "$(TARGET_NAME)";
				SWIFT_VERSION = 4.2;
				TARGETED_DEVICE_FAMILY = "1,2";
			};
			name = Release;
		};
/* End XCBuildConfiguration section */

/* Begin XCConfigurationList section */
		696333822155A03700C7EFF2 /* Build configuration list for PBXProject "Project 1 Sou Mizobuchi" */ = {
			isa = XCConfigurationList;
			buildConfigurations = (
				696333972155A03800C7EFF2 /* Debug */,
				696333982155A03800C7EFF2 /* Release */,
			);
			defaultConfigurationIsVisible = 0;
			defaultConfigurationName = Release;
		};
		696333992155A03800C7EFF2 /* Build configuration list for PBXNativeTarget "Project 1 Sou Mizobuchi" */ = {
			isa = XCConfigurationList;
			buildConfigurations = (
				6963339A2155A03800C7EFF2 /* Debug */,
				6963339B2155A03800C7EFF2 /* Release */,
			);
			defaultConfigurationIsVisible = 0;
			defaultConfigurationName = Release;
		};
/* End XCConfigurationList section */
	};
	rootObject = 6963337F2155A03700C7EFF2 /* Project object */;
}
